
Microsoft Visual Studio Solution File, Format Version 12.00
# Visual Studio Version 16
VisualStudioVersion = 16.0.32802.440
MinimumVisualStudioVersion = 10.0.40219.1
Project("{888888A0-9F3D-457C-B088-3A5042F75D52}") = "Milestone I", "Milestone I.pyproj", "{C5D935B7-39D0-467C-BEA1-0D7FC0FE752E}"
EndProject
Global
	GlobalSection(SolutionConfigurationPlatforms) = preSolution
		Debug|Any CPU = Debug|Any CPU
		Release|Any CPU = Release|Any CPU
	EndGlobalSection
	GlobalSection(ProjectConfigurationPlatforms) = postSolution
		{C5D935B7-39D0-467C-BEA1-0D7FC0FE752E}.Debug|Any CPU.ActiveCfg = Debug|Any CPU
		{C5D935B7-39D0-467C-BEA1-0D7FC0FE752E}.Release|Any CPU.ActiveCfg = Release|Any CPU
	EndGlobalSection
	GlobalSection(SolutionProperties) = preSolution
		HideSolutionNode = FALSE
	EndGlobalSection
	GlobalSection(ExtensibilityGlobals) = postSolution
		SolutionGuid = {81287C87-8D6E-4F3B-8EAA-08C2963E422A}
	EndGlobalSection
EndGlobal
